// !$*UTF8*$!
{
	archiveVersion = 1;
	classes = {
	};
	objectVersion = 50;
	objects = {

/* Begin PBXBuildFile section */
		03C6E6AF3357EC26ECCDC8A7 /* Pods_HungerWalk.framework in Frameworks */ = {isa = PBXBuildFile; fileRef = 93A41E91B47B091462EA57AB /* Pods_HungerWalk.framework */; };
		791748EC21091258008195B3 /* DataFunctionStore.swift in Sources */ = {isa = PBXBuildFile; fileRef = 791748EB21091258008195B3 /* DataFunctionStore.swift */; };
		79174910210915D3008195B3 /* HungerWalk.xcdatamodeld in Sources */ = {isa = PBXBuildFile; fileRef = 7917490E210915D3008195B3 /* HungerWalk.xcdatamodeld */; };
		7948BB712109A70E00AFF915 /* BasicData+CoreDataClass.swift in Sources */ = {isa = PBXBuildFile; fileRef = 7948BB6F2109A70E00AFF915 /* BasicData+CoreDataClass.swift */; };
		7948BB722109A70E00AFF915 /* BasicData+CoreDataProperties.swift in Sources */ = {isa = PBXBuildFile; fileRef = 7948BB702109A70E00AFF915 /* BasicData+CoreDataProperties.swift */; };
		7948BB752109AE9400AFF915 /* BasicData_map.swift in Sources */ = {isa = PBXBuildFile; fileRef = 7948BB742109AE9400AFF915 /* BasicData_map.swift */; };
		7948BB772109B80200AFF915 /* SignUpViewController.swift in Sources */ = {isa = PBXBuildFile; fileRef = 7948BB762109B80200AFF915 /* SignUpViewController.swift */; };
		7948BB792109B81500AFF915 /* ForgotPasswordViewController.swift in Sources */ = {isa = PBXBuildFile; fileRef = 7948BB782109B81500AFF915 /* ForgotPasswordViewController.swift */; };
		7948BB7B210A279700AFF915 /* Main.storyboard in Resources */ = {isa = PBXBuildFile; fileRef = 7948BB7A210A279700AFF915 /* Main.storyboard */; };
		7948BB7D210A28C300AFF915 /* RestaurentsViewController.swift in Sources */ = {isa = PBXBuildFile; fileRef = 7948BB7C210A28C300AFF915 /* RestaurentsViewController.swift */; };
		79CAE76E2111803100B42B2E /* MainViewController.swift in Sources */ = {isa = PBXBuildFile; fileRef = 79CAE76D2111803100B42B2E /* MainViewController.swift */; };
		79CAE7702111829600B42B2E /* Restaurent.swift in Sources */ = {isa = PBXBuildFile; fileRef = 79CAE76F2111829600B42B2E /* Restaurent.swift */; };
		79CAE7722111903800B42B2E /* FavouritesViewController.swift in Sources */ = {isa = PBXBuildFile; fileRef = 79CAE7712111903800B42B2E /* FavouritesViewController.swift */; };
		79CFA3E220F544A10049138D /* AppDelegate.swift in Sources */ = {isa = PBXBuildFile; fileRef = 79CFA3E120F544A10049138D /* AppDelegate.swift */; };
		79CFA3E420F544A20049138D /* FirstTutorialViewController.swift in Sources */ = {isa = PBXBuildFile; fileRef = 79CFA3E320F544A20049138D /* FirstTutorialViewController.swift */; };
		79CFA3E620F544A20049138D /* SecondTutorialViewController.swift in Sources */ = {isa = PBXBuildFile; fileRef = 79CFA3E520F544A20049138D /* SecondTutorialViewController.swift */; };
		79CFA3E920F544A20049138D /* Tutorial.storyboard in Resources */ = {isa = PBXBuildFile; fileRef = 79CFA3E720F544A20049138D /* Tutorial.storyboard */; };
		79CFA3EB20F544A50049138D /* Assets.xcassets in Resources */ = {isa = PBXBuildFile; fileRef = 79CFA3EA20F544A50049138D /* Assets.xcassets */; };
		79CFA3EE20F544A50049138D /* LaunchScreen.storyboard in Resources */ = {isa = PBXBuildFile; fileRef = 79CFA3EC20F544A50049138D /* LaunchScreen.storyboard */; };
		79CFA3F6210051C40049138D /* ThirdTutorialViewController.swift in Sources */ = {isa = PBXBuildFile; fileRef = 79CFA3F5210051C40049138D /* ThirdTutorialViewController.swift */; };
		79CFA3F82100524F0049138D /* FourthTutorialViewController.swift in Sources */ = {isa = PBXBuildFile; fileRef = 79CFA3F72100524F0049138D /* FourthTutorialViewController.swift */; };
		79CFA3FA210058320049138D /* Login.storyboard in Resources */ = {isa = PBXBuildFile; fileRef = 79CFA3F9210058320049138D /* Login.storyboard */; };
		79CFA3FE210059F60049138D /* LoginViewController.swift in Sources */ = {isa = PBXBuildFile; fileRef = 79CFA3FD210059F60049138D /* LoginViewController.swift */; };
		79CFA4002100F7290049138D /* TutorialViewController.swift in Sources */ = {isa = PBXBuildFile; fileRef = 79CFA3FF2100F7290049138D /* TutorialViewController.swift */; };
/* End PBXBuildFile section */

/* Begin PBXFileReference section */
		42F7A0C009E2CF425E693F0A /* Pods-HungerWalk.release.xcconfig */ = {isa = PBXFileReference; includeInIndex = 1; lastKnownFileType = text.xcconfig; name = "Pods-HungerWalk.release.xcconfig"; path = "Pods/Target Support Files/Pods-HungerWalk/Pods-HungerWalk.release.xcconfig"; sourceTree = "<group>"; };
		791748EB21091258008195B3 /* DataFunctionStore.swift */ = {isa = PBXFileReference; lastKnownFileType = sourcecode.swift; path = DataFunctionStore.swift; sourceTree = "<group>"; };
		7917490F210915D3008195B3 /* HungerWalk.xcdatamodel */ = {isa = PBXFileReference; lastKnownFileType = wrapper.xcdatamodel; path = HungerWalk.xcdatamodel; sourceTree = "<group>"; };
		7948BB6F2109A70E00AFF915 /* BasicData+CoreDataClass.swift */ = {isa = PBXFileReference; lastKnownFileType = sourcecode.swift; path = "BasicData+CoreDataClass.swift"; sourceTree = "<group>"; };
		7948BB702109A70E00AFF915 /* BasicData+CoreDataProperties.swift */ = {isa = PBXFileReference; lastKnownFileType = sourcecode.swift; path = "BasicData+CoreDataProperties.swift"; sourceTree = "<group>"; };
		7948BB742109AE9400AFF915 /* BasicData_map.swift */ = {isa = PBXFileReference; lastKnownFileType = sourcecode.swift; path = BasicData_map.swift; sourceTree = "<group>"; };
		7948BB762109B80200AFF915 /* SignUpViewController.swift */ = {isa = PBXFileReference; lastKnownFileType = sourcecode.swift; path = SignUpViewController.swift; sourceTree = "<group>"; };
		7948BB782109B81500AFF915 /* ForgotPasswordViewController.swift */ = {isa = PBXFileReference; lastKnownFileType = sourcecode.swift; path = ForgotPasswordViewController.swift; sourceTree = "<group>"; };
		7948BB7A210A279700AFF915 /* Main.storyboard */ = {isa = PBXFileReference; lastKnownFileType = file.storyboard; path = Main.storyboard; sourceTree = "<group>"; };
		7948BB7C210A28C300AFF915 /* RestaurentsViewController.swift */ = {isa = PBXFileReference; lastKnownFileType = sourcecode.swift; path = RestaurentsViewController.swift; sourceTree = "<group>"; };
		79CAE76D2111803100B42B2E /* MainViewController.swift */ = {isa = PBXFileReference; lastKnownFileType = sourcecode.swift; path = MainViewController.swift; sourceTree = "<group>"; };
		79CAE76F2111829600B42B2E /* Restaurent.swift */ = {isa = PBXFileReference; lastKnownFileType = sourcecode.swift; path = Restaurent.swift; sourceTree = "<group>"; };
		79CAE7712111903800B42B2E /* FavouritesViewController.swift */ = {isa = PBXFileReference; lastKnownFileType = sourcecode.swift; path = FavouritesViewController.swift; sourceTree = "<group>"; };
		79CFA3DE20F544A10049138D /* HungerWalk.app */ = {isa = PBXFileReference; explicitFileType = wrapper.application; includeInIndex = 0; path = HungerWalk.app; sourceTree = BUILT_PRODUCTS_DIR; };
		79CFA3E120F544A10049138D /* AppDelegate.swift */ = {isa = PBXFileReference; lastKnownFileType = sourcecode.swift; path = AppDelegate.swift; sourceTree = "<group>"; };
		79CFA3E320F544A20049138D /* FirstTutorialViewController.swift */ = {isa = PBXFileReference; lastKnownFileType = sourcecode.swift; path = FirstTutorialViewController.swift; sourceTree = "<group>"; };
		79CFA3E520F544A20049138D /* SecondTutorialViewController.swift */ = {isa = PBXFileReference; lastKnownFileType = sourcecode.swift; path = SecondTutorialViewController.swift; sourceTree = "<group>"; };
		79CFA3E820F544A20049138D /* Base */ = {isa = PBXFileReference; lastKnownFileType = file.storyboard; name = Base; path = Base.lproj/Tutorial.storyboard; sourceTree = "<group>"; };
		79CFA3EA20F544A50049138D /* Assets.xcassets */ = {isa = PBXFileReference; lastKnownFileType = folder.assetcatalog; path = Assets.xcassets; sourceTree = "<group>"; };
		79CFA3ED20F544A50049138D /* Base */ = {isa = PBXFileReference; lastKnownFileType = file.storyboard; name = Base; path = Base.lproj/LaunchScreen.storyboard; sourceTree = "<group>"; };
		79CFA3EF20F544A50049138D /* Info.plist */ = {isa = PBXFileReference; lastKnownFileType = text.plist.xml; path = Info.plist; sourceTree = "<group>"; };
		79CFA3F5210051C40049138D /* ThirdTutorialViewController.swift */ = {isa = PBXFileReference; lastKnownFileType = sourcecode.swift; path = ThirdTutorialViewController.swift; sourceTree = "<group>"; };
		79CFA3F72100524F0049138D /* FourthTutorialViewController.swift */ = {isa = PBXFileReference; lastKnownFileType = sourcecode.swift; path = FourthTutorialViewController.swift; sourceTree = "<group>"; };
		79CFA3F9210058320049138D /* Login.storyboard */ = {isa = PBXFileReference; lastKnownFileType = file.storyboard; path = Login.storyboard; sourceTree = "<group>"; };
		79CFA3FD210059F60049138D /* LoginViewController.swift */ = {isa = PBXFileReference; lastKnownFileType = sourcecode.swift; path = LoginViewController.swift; sourceTree = "<group>"; };
		79CFA3FF2100F7290049138D /* TutorialViewController.swift */ = {isa = PBXFileReference; lastKnownFileType = sourcecode.swift; path = TutorialViewController.swift; sourceTree = "<group>"; };
		93A41E91B47B091462EA57AB /* Pods_HungerWalk.framework */ = {isa = PBXFileReference; explicitFileType = wrapper.framework; includeInIndex = 0; path = Pods_HungerWalk.framework; sourceTree = BUILT_PRODUCTS_DIR; };
		9BB2BB474D40B8849B23AA4E /* Pods-HungerWalk.debug.xcconfig */ = {isa = PBXFileReference; includeInIndex = 1; lastKnownFileType = text.xcconfig; name = "Pods-HungerWalk.debug.xcconfig"; path = "Pods/Target Support Files/Pods-HungerWalk/Pods-HungerWalk.debug.xcconfig"; sourceTree = "<group>"; };
/* End PBXFileReference section */

/* Begin PBXFrameworksBuildPhase section */
		79CFA3DB20F544A10049138D /* Frameworks */ = {
			isa = PBXFrameworksBuildPhase;
			buildActionMask = 2147483647;
			files = (
				03C6E6AF3357EC26ECCDC8A7 /* Pods_HungerWalk.framework in Frameworks */,
			);
			runOnlyForDeploymentPostprocessing = 0;
		};
/* End PBXFrameworksBuildPhase section */

/* Begin PBXGroup section */
		6CD8E227CED1ABB05A035365 /* Pods */ = {
			isa = PBXGroup;
			children = (
				9BB2BB474D40B8849B23AA4E /* Pods-HungerWalk.debug.xcconfig */,
				42F7A0C009E2CF425E693F0A /* Pods-HungerWalk.release.xcconfig */,
			);
			name = Pods;
			sourceTree = "<group>";
		};
		7948BB6A2109A68100AFF915 /* Managed Objects */ = {
			isa = PBXGroup;
			children = (
				7948BB6F2109A70E00AFF915 /* BasicData+CoreDataClass.swift */,
				7948BB702109A70E00AFF915 /* BasicData+CoreDataProperties.swift */,
			);
			path = "Managed Objects";
			sourceTree = "<group>";
		};
		7948BB732109AE4A00AFF915 /* Maps_Data */ = {
			isa = PBXGroup;
			children = (
				7948BB742109AE9400AFF915 /* BasicData_map.swift */,
				79CAE76F2111829600B42B2E /* Restaurent.swift */,
			);
			path = Maps_Data;
			sourceTree = "<group>";
		};
		79CAE76C21117DF500B42B2E /* MainViewControllers */ = {
			isa = PBXGroup;
			children = (
				7948BB7C210A28C300AFF915 /* RestaurentsViewController.swift */,
				79CAE76D2111803100B42B2E /* MainViewController.swift */,
				79CAE7712111903800B42B2E /* FavouritesViewController.swift */,
			);
			path = MainViewControllers;
			sourceTree = "<group>";
		};
		79CFA3D520F544A10049138D = {
			isa = PBXGroup;
			children = (
				79CFA3E020F544A10049138D /* HungerWalk */,
				79CFA3DF20F544A10049138D /* Products */,
				6CD8E227CED1ABB05A035365 /* Pods */,
				FB3A2B87A9A7E9BAD7C04338 /* Frameworks */,
			);
			sourceTree = "<group>";
		};
		79CFA3DF20F544A10049138D /* Products */ = {
			isa = PBXGroup;
			children = (
				79CFA3DE20F544A10049138D /* HungerWalk.app */,
			);
			name = Products;
			sourceTree = "<group>";
		};
		79CFA3E020F544A10049138D /* HungerWalk */ = {
			isa = PBXGroup;
			children = (
				7948BB732109AE4A00AFF915 /* Maps_Data */,
				7948BB6A2109A68100AFF915 /* Managed Objects */,
				791748EB21091258008195B3 /* DataFunctionStore.swift */,
				79CFA3FB210059AE0049138D /* TutorialViewControllers */,
				79CFA3E120F544A10049138D /* AppDelegate.swift */,
				7917490E210915D3008195B3 /* HungerWalk.xcdatamodeld */,
				79CFA3E720F544A20049138D /* Tutorial.storyboard */,
				79CFA3EA20F544A50049138D /* Assets.xcassets */,
				79CFA3F9210058320049138D /* Login.storyboard */,
				79CFA3FC210059CF0049138D /* LoginViewControllers */,
				79CFA3EC20F544A50049138D /* LaunchScreen.storyboard */,
				79CFA3EF20F544A50049138D /* Info.plist */,
				7948BB7A210A279700AFF915 /* Main.storyboard */,
				79CAE76C21117DF500B42B2E /* MainViewControllers */,
			);
			path = HungerWalk;
			sourceTree = "<group>";
		};
		79CFA3FB210059AE0049138D /* TutorialViewControllers */ = {
			isa = PBXGroup;
			children = (
				79CFA3E320F544A20049138D /* FirstTutorialViewController.swift */,
				79CFA3E520F544A20049138D /* SecondTutorialViewController.swift */,
				79CFA3F5210051C40049138D /* ThirdTutorialViewController.swift */,
				79CFA3F72100524F0049138D /* FourthTutorialViewController.swift */,
				79CFA3FF2100F7290049138D /* TutorialViewController.swift */,
			);
			path = TutorialViewControllers;
			sourceTree = "<group>";
		};
		79CFA3FC210059CF0049138D /* LoginViewControllers */ = {
			isa = PBXGroup;
			children = (
				79CFA3FD210059F60049138D /* LoginViewController.swift */,
				7948BB762109B80200AFF915 /* SignUpViewController.swift */,
				7948BB782109B81500AFF915 /* ForgotPasswordViewController.swift */,
			);
			path = LoginViewControllers;
			sourceTree = "<group>";
		};
		FB3A2B87A9A7E9BAD7C04338 /* Frameworks */ = {
			isa = PBXGroup;
			children = (
				93A41E91B47B091462EA57AB /* Pods_HungerWalk.framework */,
			);
			name = Frameworks;
			sourceTree = "<group>";
		};
/* End PBXGroup section */

/* Begin PBXNativeTarget section */
		79CFA3DD20F544A10049138D /* HungerWalk */ = {
			isa = PBXNativeTarget;
			buildConfigurationList = 79CFA3F220F544A50049138D /* Build configuration list for PBXNativeTarget "HungerWalk" */;
			buildPhases = (
				8F9EC72CD59FF2626445E792 /* [CP] Check Pods Manifest.lock */,
				79CFA3DA20F544A10049138D /* Sources */,
				79CFA3DB20F544A10049138D /* Frameworks */,
				79CFA3DC20F544A10049138D /* Resources */,
				9E6BAD96558B583FA3668116 /* [CP] Embed Pods Frameworks */,
			);
			buildRules = (
			);
			dependencies = (
			);
			name = HungerWalk;
			productName = HungerWalk;
			productReference = 79CFA3DE20F544A10049138D /* HungerWalk.app */;
			productType = "com.apple.product-type.application";
		};
/* End PBXNativeTarget section */

/* Begin PBXProject section */
		79CFA3D620F544A10049138D /* Project object */ = {
			isa = PBXProject;
			attributes = {
				LastSwiftUpdateCheck = 0940;
				LastUpgradeCheck = 0940;
				ORGANIZATIONNAME = DGames;
				TargetAttributes = {
					79CFA3DD20F544A10049138D = {
						CreatedOnToolsVersion = 9.4.1;
					};
				};
			};
			buildConfigurationList = 79CFA3D920F544A10049138D /* Build configuration list for PBXProject "HungerWalk" */;
			compatibilityVersion = "Xcode 9.3";
			developmentRegion = en;
			hasScannedForEncodings = 0;
			knownRegions = (
				en,
				Base,
			);
			mainGroup = 79CFA3D520F544A10049138D;
			productRefGroup = 79CFA3DF20F544A10049138D /* Products */;
			projectDirPath = "";
			projectRoot = "";
			targets = (
				79CFA3DD20F544A10049138D /* HungerWalk */,
			);
		};
/* End PBXProject section */

/* Begin PBXResourcesBuildPhase section */
		79CFA3DC20F544A10049138D /* Resources */ = {
			isa = PBXResourcesBuildPhase;
			buildActionMask = 2147483647;
			files = (
				79CFA3FA210058320049138D /* Login.storyboard in Resources */,
				7948BB7B210A279700AFF915 /* Main.storyboard in Resources */,
				79CFA3EE20F544A50049138D /* LaunchScreen.storyboard in Resources */,
				79CFA3EB20F544A50049138D /* Assets.xcassets in Resources */,
				79CFA3E920F544A20049138D /* Tutorial.storyboard in Resources */,
			);
			runOnlyForDeploymentPostprocessing = 0;
		};
/* End PBXResourcesBuildPhase section */

/* Begin PBXShellScriptBuildPhase section */
		8F9EC72CD59FF2626445E792 /* [CP] Check Pods Manifest.lock */ = {
			isa = PBXShellScriptBuildPhase;
			buildActionMask = 2147483647;
			files = (
			);
			inputPaths = (
				"${PODS_PODFILE_DIR_PATH}/Podfile.lock",
				"${PODS_ROOT}/Manifest.lock",
			);
			name = "[CP] Check Pods Manifest.lock";
			outputPaths = (
				"$(DERIVED_FILE_DIR)/Pods-HungerWalk-checkManifestLockResult.txt",
			);
			runOnlyForDeploymentPostprocessing = 0;
			shellPath = /bin/sh;
			shellScript = "diff \"${PODS_PODFILE_DIR_PATH}/Podfile.lock\" \"${PODS_ROOT}/Manifest.lock\" > /dev/null\nif [ $? != 0 ] ; then\n    # print error to STDERR\n    echo \"error: The sandbox is not in sync with the Podfile.lock. Run 'pod install' or update your CocoaPods installation.\" >&2\n    exit 1\nfi\n# This output is used by Xcode 'outputs' to avoid re-running this script phase.\necho \"SUCCESS\" > \"${SCRIPT_OUTPUT_FILE_0}\"\n";
			showEnvVarsInLog = 0;
		};
		9E6BAD96558B583FA3668116 /* [CP] Embed Pods Frameworks */ = {
			isa = PBXShellScriptBuildPhase;
			buildActionMask = 2147483647;
			files = (
			);
			inputPaths = (
				"${SRCROOT}/Pods/Target Support Files/Pods-HungerWalk/Pods-HungerWalk-frameworks.sh",
				"${BUILT_PRODUCTS_DIR}/Alamofire/Alamofire.framework",
				"${BUILT_PRODUCTS_DIR}/ObjectMapper/ObjectMapper.framework",
			);
			name = "[CP] Embed Pods Frameworks";
			outputPaths = (
				"${TARGET_BUILD_DIR}/${FRAMEWORKS_FOLDER_PATH}/Alamofire.framework",
				"${TARGET_BUILD_DIR}/${FRAMEWORKS_FOLDER_PATH}/ObjectMapper.framework",
			);
			runOnlyForDeploymentPostprocessing = 0;
			shellPath = /bin/sh;
			shellScript = "\"${SRCROOT}/Pods/Target Support Files/Pods-HungerWalk/Pods-HungerWalk-frameworks.sh\"\n";
			showEnvVarsInLog = 0;
		};
/* End PBXShellScriptBuildPhase section */

/* Begin PBXSourcesBuildPhase section */
		79CFA3DA20F544A10049138D /* Sources */ = {
			isa = PBXSourcesBuildPhase;
			buildActionMask = 2147483647;
			files = (
				79CAE7722111903800B42B2E /* FavouritesViewController.swift in Sources */,
				7948BB712109A70E00AFF915 /* BasicData+CoreDataClass.swift in Sources */,
				7948BB722109A70E00AFF915 /* BasicData+CoreDataProperties.swift in Sources */,
				79CFA3FE210059F60049138D /* LoginViewController.swift in Sources */,
				79CFA4002100F7290049138D /* TutorialViewController.swift in Sources */,
				79CFA3E620F544A20049138D /* SecondTutorialViewController.swift in Sources */,
				79174910210915D3008195B3 /* HungerWalk.xcdatamodeld in Sources */,
				79CFA3E220F544A10049138D /* AppDelegate.swift in Sources */,
				79CAE76E2111803100B42B2E /* MainViewController.swift in Sources */,
				79CFA3F6210051C40049138D /* ThirdTutorialViewController.swift in Sources */,
				7948BB7D210A28C300AFF915 /* RestaurentsViewController.swift in Sources */,
				7948BB792109B81500AFF915 /* ForgotPasswordViewController.swift in Sources */,
				79CFA3E420F544A20049138D /* FirstTutorialViewController.swift in Sources */,
				79CFA3F82100524F0049138D /* FourthTutorialViewController.swift in Sources */,
				791748EC21091258008195B3 /* DataFunctionStore.swift in Sources */,
				7948BB772109B80200AFF915 /* SignUpViewController.swift in Sources */,
				79CAE7702111829600B42B2E /* Restaurent.swift in Sources */,
				7948BB752109AE9400AFF915 /* BasicData_map.swift in Sources */,
			);
			runOnlyForDeploymentPostprocessing = 0;
		};
/* End PBXSourcesBuildPhase section */

/* Begin PBXVariantGroup section */
		79CFA3E720F544A20049138D /* Tutorial.storyboard */ = {
			isa = PBXVariantGroup;
			children = (
				79CFA3E820F544A20049138D /* Base */,
			);
			name = Tutorial.storyboard;
			sourceTree = "<group>";
		};
		79CFA3EC20F544A50049138D /* LaunchScreen.storyboard */ = {
			isa = PBXVariantGroup;
			children = (
				79CFA3ED20F544A50049138D /* Base */,
			);
			name = LaunchScreen.storyboard;
			sourceTree = "<group>";
		};
/* End PBXVariantGroup section */

/* Begin XCBuildConfiguration section */
		79CFA3F020F544A50049138D /* Debug */ = {
			isa = XCBuildConfiguration;
			buildSettings = {
				ALWAYS_SEARCH_USER_PATHS = NO;
				CLANG_ANALYZER_NONNULL = YES;
				CLANG_ANALYZER_NUMBER_OBJECT_CONVERSION = YES_AGGRESSIVE;
				CLANG_CXX_LANGUAGE_STANDARD = "gnu++14";
				CLANG_CXX_LIBRARY = "libc++";
				CLANG_ENABLE_MODULES = YES;
				CLANG_ENABLE_OBJC_ARC = YES;
				CLANG_ENABLE_OBJC_WEAK = YES;
				CLANG_WARN_BLOCK_CAPTURE_AUTORELEASING = YES;
				CLANG_WARN_BOOL_CONVERSION = YES;
				CLANG_WARN_COMMA = YES;
				CLANG_WARN_CONSTANT_CONVERSION = YES;
				CLANG_WARN_DEPRECATED_OBJC_IMPLEMENTATIONS = YES;
				CLANG_WARN_DIRECT_OBJC_ISA_USAGE = YES_ERROR;
				CLANG_WARN_DOCUMENTATION_COMMENTS = YES;
				CLANG_WARN_EMPTY_BODY = YES;
				CLANG_WARN_ENUM_CONVERSION = YES;
				CLANG_WARN_INFINITE_RECURSION = YES;
				CLANG_WARN_INT_CONVERSION = YES;
				CLANG_WARN_NON_LITERAL_NULL_CONVERSION = YES;
				CLANG_WARN_OBJC_IMPLICIT_RETAIN_SELF = YES;
				CLANG_WARN_OBJC_LITERAL_CONVERSION = YES;
				CLANG_WARN_OBJC_ROOT_CLASS = YES_ERROR;
				CLANG_WARN_RANGE_LOOP_ANALYSIS = YES;
				CLANG_WARN_STRICT_PROTOTYPES = YES;
				CLANG_WARN_SUSPICIOUS_MOVE = YES;
				CLANG_WARN_UNGUARDED_AVAILABILITY = YES_AGGRESSIVE;
				CLANG_WARN_UNREACHABLE_CODE = YES;
				CLANG_WARN__DUPLICATE_METHOD_MATCH = YES;
				CODE_SIGN_IDENTITY = "iPhone Developer";
				COPY_PHASE_STRIP = NO;
				DEBUG_INFORMATION_FORMAT = dwarf;
				ENABLE_STRICT_OBJC_MSGSEND = YES;
				ENABLE_TESTABILITY = YES;
				GCC_C_LANGUAGE_STANDARD = gnu11;
				GCC_DYNAMIC_NO_PIC = NO;
				GCC_NO_COMMON_BLOCKS = YES;
				GCC_OPTIMIZATION_LEVEL = 0;
				GCC_PREPROCESSOR_DEFINITIONS = (
					"DEBUG=1",
					"$(inherited)",
				);
				GCC_WARN_64_TO_32_BIT_CONVERSION = YES;
				GCC_WARN_ABOUT_RETURN_TYPE = YES_ERROR;
				GCC_WARN_UNDECLARED_SELECTOR = YES;
				GCC_WARN_UNINITIALIZED_AUTOS = YES_AGGRESSIVE;
				GCC_WARN_UNUSED_FUNCTION = YES;
				GCC_WARN_UNUSED_VARIABLE = YES;
				IPHONEOS_DEPLOYMENT_TARGET = 11.4;
				MTL_ENABLE_DEBUG_INFO = YES;
				ONLY_ACTIVE_ARCH = YES;
				SDKROOT = iphoneos;
				SWIFT_ACTIVE_COMPILATION_CONDITIONS = DEBUG;
				SWIFT_OPTIMIZATION_LEVEL = "-Onone";
			};
			name = Debug;
		};
		79CFA3F120F544A50049138D /* Release */ = {
			isa = XCBuildConfiguration;
			buildSettings = {
				ALWAYS_SEARCH_USER_PATHS = NO;
				CLANG_ANALYZER_NONNULL = YES;
				CLANG_ANALYZER_NUMBER_OBJECT_CONVERSION = YES_AGGRESSIVE;
				CLANG_CXX_LANGUAGE_STANDARD = "gnu++14";
				CLANG_CXX_LIBRARY = "libc++";
				CLANG_ENABLE_MODULES = YES;
				CLANG_ENABLE_OBJC_ARC = YES;
				CLANG_ENABLE_OBJC_WEAK = YES;
				CLANG_WARN_BLOCK_CAPTURE_AUTORELEASING = YES;
				CLANG_WARN_BOOL_CONVERSION = YES;
				CLANG_WARN_COMMA = YES;
				CLANG_WARN_CONSTANT_CONVERSION = YES;
				CLANG_WARN_DEPRECATED_OBJC_IMPLEMENTATIONS = YES;
				CLANG_WARN_DIRECT_OBJC_ISA_USAGE = YES_ERROR;
				CLANG_WARN_DOCUMENTATION_COMMENTS = YES;
				CLANG_WARN_EMPTY_BODY = YES;
				CLANG_WARN_ENUM_CONVERSION = YES;
				CLANG_WARN_INFINITE_RECURSION = YES;
				CLANG_WARN_INT_CONVERSION = YES;
				CLANG_WARN_NON_LITERAL_NULL_CONVERSION = YES;
				CLANG_WARN_OBJC_IMPLICIT_RETAIN_SELF = YES;
				CLANG_WARN_OBJC_LITERAL_CONVERSION = YES;
				CLANG_WARN_OBJC_ROOT_CLASS = YES_ERROR;
				CLANG_WARN_RANGE_LOOP_ANALYSIS = YES;
				CLANG_WARN_STRICT_PROTOTYPES = YES;
				CLANG_WARN_SUSPICIOUS_MOVE = YES;
				CLANG_WARN_UNGUARDED_AVAILABILITY = YES_AGGRESSIVE;
				CLANG_WARN_UNREACHABLE_CODE = YES;
				CLANG_WARN__DUPLICATE_METHOD_MATCH = YES;
				CODE_SIGN_IDENTITY = "iPhone Developer";
				COPY_PHASE_STRIP = NO;
				DEBUG_INFORMATION_FORMAT = "dwarf-with-dsym";
				ENABLE_NS_ASSERTIONS = NO;
				ENABLE_STRICT_OBJC_MSGSEND = YES;
				GCC_C_LANGUAGE_STANDARD = gnu11;
				GCC_NO_COMMON_BLOCKS = YES;
				GCC_WARN_64_TO_32_BIT_CONVERSION = YES;
				GCC_WARN_ABOUT_RETURN_TYPE = YES_ERROR;
				GCC_WARN_UNDECLARED_SELECTOR = YES;
				GCC_WARN_UNINITIALIZED_AUTOS = YES_AGGRESSIVE;
				GCC_WARN_UNUSED_FUNCTION = YES;
				GCC_WARN_UNUSED_VARIABLE = YES;
				IPHONEOS_DEPLOYMENT_TARGET = 11.4;
				MTL_ENABLE_DEBUG_INFO = NO;
				SDKROOT = iphoneos;
				SWIFT_COMPILATION_MODE = wholemodule;
				SWIFT_OPTIMIZATION_LEVEL = "-O";
				VALIDATE_PRODUCT = YES;
			};
			name = Release;
		};
		79CFA3F320F544A50049138D /* Debug */ = {
			isa = XCBuildConfiguration;
			baseConfigurationReference = 9BB2BB474D40B8849B23AA4E /* Pods-HungerWalk.debug.xcconfig */;
			buildSettings = {
				ASSETCATALOG_COMPILER_APPICON_NAME = AppIcon;
				CODE_SIGN_IDENTITY = "iPhone Developer";
				CODE_SIGN_STYLE = Automatic;
				DEVELOPMENT_TEAM = 3597ABG5M9;
				INFOPLIST_FILE = HungerWalk/Info.plist;
				IPHONEOS_DEPLOYMENT_TARGET = 10.3;
				LD_RUNPATH_SEARCH_PATHS = (
					"$(inherited)",
					"@executable_path/Frameworks",
				);
				PRODUCT_BUNDLE_IDENTIFIER = com.deepeshhmehta.HungerWalk;
				PRODUCT_NAME = "$(TARGET_NAME)";
				PROVISIONING_PROFILE_SPECIFIER = "";
				SWIFT_VERSION = 4.0;
				TARGETED_DEVICE_FAMILY = "1,2";
			};
			name = Debug;
		};
		79CFA3F420F544A50049138D /* Release */ = {
			isa = XCBuildConfiguration;
			baseConfigurationReference = 42F7A0C009E2CF425E693F0A /* Pods-HungerWalk.release.xcconfig */;
			buildSettings = {
				ASSETCATALOG_COMPILER_APPICON_NAME = AppIcon;
				CODE_SIGN_IDENTITY = "iPhone Developer";
				CODE_SIGN_STYLE = Automatic;
				DEVELOPMENT_TEAM = 3597ABG5M9;
				INFOPLIST_FILE = HungerWalk/Info.plist;
				IPHONEOS_DEPLOYMENT_TARGET = 10.3;
				LD_RUNPATH_SEARCH_PATHS = (
					"$(inherited)",
					"@executable_path/Frameworks",
				);
				PRODUCT_BUNDLE_IDENTIFIER = com.deepeshhmehta.HungerWalk;
				PRODUCT_NAME = "$(TARGET_NAME)";
				PROVISIONING_PROFILE_SPECIFIER = "";
				SWIFT_VERSION = 4.0;
				TARGETED_DEVICE_FAMILY = "1,2";
			};
			name = Release;
		};
/* End XCBuildConfiguration section */

/* Begin XCConfigurationList section */
		79CFA3D920F544A10049138D /* Build configuration list for PBXProject "HungerWalk" */ = {
			isa = XCConfigurationList;
			buildConfigurations = (
				79CFA3F020F544A50049138D /* Debug */,
				79CFA3F120F544A50049138D /* Release */,
			);
			defaultConfigurationIsVisible = 0;
			defaultConfigurationName = Release;
		};
		79CFA3F220F544A50049138D /* Build configuration list for PBXNativeTarget "HungerWalk" */ = {
			isa = XCConfigurationList;
			buildConfigurations = (
				79CFA3F320F544A50049138D /* Debug */,
				79CFA3F420F544A50049138D /* Release */,
			);
			defaultConfigurationIsVisible = 0;
			defaultConfigurationName = Release;
		};
/* End XCConfigurationList section */

/* Begin XCVersionGroup section */
		7917490E210915D3008195B3 /* HungerWalk.xcdatamodeld */ = {
			isa = XCVersionGroup;
			children = (
				7917490F210915D3008195B3 /* HungerWalk.xcdatamodel */,
			);
			currentVersion = 7917490F210915D3008195B3 /* HungerWalk.xcdatamodel */;
			path = HungerWalk.xcdatamodeld;
			sourceTree = "<group>";
			versionGroupType = wrapper.xcdatamodel;
		};
/* End XCVersionGroup section */
	};
	rootObject = 79CFA3D620F544A10049138D /* Project object */;
}
